// !$*UTF8*$!
{
	archiveVersion = 1;
	classes = {
	};
	objectVersion = 51;
	objects = {

/* Begin PBXBuildFile section */
		1F6EBD0D6E9A9916D53399AB /* Pods_seam.framework in Frameworks */ = {isa = PBXBuildFile; fileRef = 713710A9F6691A1B402F9C4C /* Pods_seam.framework */; };
		3C083B67A26ADBAA9CFA5A99 /* Pods_seamTests.framework in Frameworks */ = {isa = PBXBuildFile; fileRef = F3180292FF84C43E522DBCA4 /* Pods_seamTests.framework */; };
		53788022358DD74F500DD3A5 /* Pods_seamUITests.framework in Frameworks */ = {isa = PBXBuildFile; fileRef = 7A25C5CD81476C78D4C0BA8E /* Pods_seamUITests.framework */; };
		9743F7CF22DD3590002FFB7E /* SMJobListing.m in Sources */ = {isa = PBXBuildFile; fileRef = 9743F7CE22DD3590002FFB7E /* SMJobListing.m */; };
		9794867822D5070700E90DBD /* AppDelegate.m in Sources */ = {isa = PBXBuildFile; fileRef = 9794867722D5070700E90DBD /* AppDelegate.m */; };
		9794867B22D5070700E90DBD /* ViewController.m in Sources */ = {isa = PBXBuildFile; fileRef = 9794867A22D5070700E90DBD /* ViewController.m */; };
		9794867E22D5070700E90DBD /* Main.storyboard in Resources */ = {isa = PBXBuildFile; fileRef = 9794867C22D5070700E90DBD /* Main.storyboard */; };
		9794868022D5070800E90DBD /* Assets.xcassets in Resources */ = {isa = PBXBuildFile; fileRef = 9794867F22D5070800E90DBD /* Assets.xcassets */; };
		9794868322D5070800E90DBD /* LaunchScreen.storyboard in Resources */ = {isa = PBXBuildFile; fileRef = 9794868122D5070800E90DBD /* LaunchScreen.storyboard */; };
		9794868622D5070800E90DBD /* main.m in Sources */ = {isa = PBXBuildFile; fileRef = 9794868522D5070800E90DBD /* main.m */; };
		9794869022D5070800E90DBD /* seamTests.m in Sources */ = {isa = PBXBuildFile; fileRef = 9794868F22D5070800E90DBD /* seamTests.m */; };
		9794869B22D5070800E90DBD /* seamUITests.m in Sources */ = {isa = PBXBuildFile; fileRef = 9794869A22D5070800E90DBD /* seamUITests.m */; };
		E4E0594022DEC7B1004834A1 /* SMJobsDataAPIManager.m in Sources */ = {isa = PBXBuildFile; fileRef = E4E0593F22DEC7B1004834A1 /* SMJobsDataAPIManager.m */; };
		E4E0594E22DFA2B3004834A1 /* ManagerProtocol.m in Sources */ = {isa = PBXBuildFile; fileRef = E4E0594D22DFA2B3004834A1 /* ManagerProtocol.m */; };
/* End PBXBuildFile section */

/* Begin PBXContainerItemProxy section */
		9794868C22D5070800E90DBD /* PBXContainerItemProxy */ = {
			isa = PBXContainerItemProxy;
			containerPortal = 9794866B22D5070700E90DBD /* Project object */;
			proxyType = 1;
			remoteGlobalIDString = 9794867222D5070700E90DBD;
			remoteInfo = seam;
		};
		9794869722D5070800E90DBD /* PBXContainerItemProxy */ = {
			isa = PBXContainerItemProxy;
			containerPortal = 9794866B22D5070700E90DBD /* Project object */;
			proxyType = 1;
			remoteGlobalIDString = 9794867222D5070700E90DBD;
			remoteInfo = seam;
		};
/* End PBXContainerItemProxy section */

/* Begin PBXFileReference section */
		01E1124D9ECD2A07D8849A74 /* Pods-seamUITests.debug.xcconfig */ = {isa = PBXFileReference; includeInIndex = 1; lastKnownFileType = text.xcconfig; name = "Pods-seamUITests.debug.xcconfig"; path = "Target Support Files/Pods-seamUITests/Pods-seamUITests.debug.xcconfig"; sourceTree = "<group>"; };
		0989C353BC2E9924A4B1B063 /* Pods-seam.debug.xcconfig */ = {isa = PBXFileReference; includeInIndex = 1; lastKnownFileType = text.xcconfig; name = "Pods-seam.debug.xcconfig"; path = "Target Support Files/Pods-seam/Pods-seam.debug.xcconfig"; sourceTree = "<group>"; };
		2A7D78D84A3A69E46F3E2E61 /* Pods-seamTests.debug.xcconfig */ = {isa = PBXFileReference; includeInIndex = 1; lastKnownFileType = text.xcconfig; name = "Pods-seamTests.debug.xcconfig"; path = "Target Support Files/Pods-seamTests/Pods-seamTests.debug.xcconfig"; sourceTree = "<group>"; };
		713710A9F6691A1B402F9C4C /* Pods_seam.framework */ = {isa = PBXFileReference; explicitFileType = wrapper.framework; includeInIndex = 0; path = Pods_seam.framework; sourceTree = BUILT_PRODUCTS_DIR; };
		7A25C5CD81476C78D4C0BA8E /* Pods_seamUITests.framework */ = {isa = PBXFileReference; explicitFileType = wrapper.framework; includeInIndex = 0; path = Pods_seamUITests.framework; sourceTree = BUILT_PRODUCTS_DIR; };
		9743F7CD22DD3590002FFB7E /* SMJobListing.h */ = {isa = PBXFileReference; lastKnownFileType = sourcecode.c.h; path = SMJobListing.h; sourceTree = "<group>"; };
		9743F7CE22DD3590002FFB7E /* SMJobListing.m */ = {isa = PBXFileReference; lastKnownFileType = sourcecode.c.objc; path = SMJobListing.m; sourceTree = "<group>"; };
		9794867322D5070700E90DBD /* seam.app */ = {isa = PBXFileReference; explicitFileType = wrapper.application; includeInIndex = 0; path = seam.app; sourceTree = BUILT_PRODUCTS_DIR; };
		9794867622D5070700E90DBD /* AppDelegate.h */ = {isa = PBXFileReference; lastKnownFileType = sourcecode.c.h; path = AppDelegate.h; sourceTree = "<group>"; };
		9794867722D5070700E90DBD /* AppDelegate.m */ = {isa = PBXFileReference; lastKnownFileType = sourcecode.c.objc; path = AppDelegate.m; sourceTree = "<group>"; };
		9794867922D5070700E90DBD /* ViewController.h */ = {isa = PBXFileReference; lastKnownFileType = sourcecode.c.h; path = ViewController.h; sourceTree = "<group>"; };
		9794867A22D5070700E90DBD /* ViewController.m */ = {isa = PBXFileReference; lastKnownFileType = sourcecode.c.objc; path = ViewController.m; sourceTree = "<group>"; };
		9794867D22D5070700E90DBD /* Base */ = {isa = PBXFileReference; lastKnownFileType = file.storyboard; name = Base; path = Base.lproj/Main.storyboard; sourceTree = "<group>"; };
		9794867F22D5070800E90DBD /* Assets.xcassets */ = {isa = PBXFileReference; lastKnownFileType = folder.assetcatalog; path = Assets.xcassets; sourceTree = "<group>"; };
		9794868222D5070800E90DBD /* Base */ = {isa = PBXFileReference; lastKnownFileType = file.storyboard; name = Base; path = Base.lproj/LaunchScreen.storyboard; sourceTree = "<group>"; };
		9794868422D5070800E90DBD /* Info.plist */ = {isa = PBXFileReference; lastKnownFileType = text.plist.xml; path = Info.plist; sourceTree = "<group>"; };
		9794868522D5070800E90DBD /* main.m */ = {isa = PBXFileReference; lastKnownFileType = sourcecode.c.objc; path = main.m; sourceTree = "<group>"; };
		9794868B22D5070800E90DBD /* seamTests.xctest */ = {isa = PBXFileReference; explicitFileType = wrapper.cfbundle; includeInIndex = 0; path = seamTests.xctest; sourceTree = BUILT_PRODUCTS_DIR; };
		9794868F22D5070800E90DBD /* seamTests.m */ = {isa = PBXFileReference; lastKnownFileType = sourcecode.c.objc; path = seamTests.m; sourceTree = "<group>"; };
		9794869122D5070800E90DBD /* Info.plist */ = {isa = PBXFileReference; lastKnownFileType = text.plist.xml; path = Info.plist; sourceTree = "<group>"; };
		9794869622D5070800E90DBD /* seamUITests.xctest */ = {isa = PBXFileReference; explicitFileType = wrapper.cfbundle; includeInIndex = 0; path = seamUITests.xctest; sourceTree = BUILT_PRODUCTS_DIR; };
		9794869A22D5070800E90DBD /* seamUITests.m */ = {isa = PBXFileReference; lastKnownFileType = sourcecode.c.objc; path = seamUITests.m; sourceTree = "<group>"; };
		9794869C22D5070800E90DBD /* Info.plist */ = {isa = PBXFileReference; lastKnownFileType = text.plist.xml; path = Info.plist; sourceTree = "<group>"; };
		C7A456CA1091FCD42768AE8D /* Pods-seamUITests.release.xcconfig */ = {isa = PBXFileReference; includeInIndex = 1; lastKnownFileType = text.xcconfig; name = "Pods-seamUITests.release.xcconfig"; path = "Target Support Files/Pods-seamUITests/Pods-seamUITests.release.xcconfig"; sourceTree = "<group>"; };
		C95F73BD51DED80BF23C5E72 /* Pods-seam.release.xcconfig */ = {isa = PBXFileReference; includeInIndex = 1; lastKnownFileType = text.xcconfig; name = "Pods-seam.release.xcconfig"; path = "Target Support Files/Pods-seam/Pods-seam.release.xcconfig"; sourceTree = "<group>"; };
		E49C873531C3569F6AA8CED9 /* Pods-seamTests.release.xcconfig */ = {isa = PBXFileReference; includeInIndex = 1; lastKnownFileType = text.xcconfig; name = "Pods-seamTests.release.xcconfig"; path = "Target Support Files/Pods-seamTests/Pods-seamTests.release.xcconfig"; sourceTree = "<group>"; };
		E4E0593E22DEC7B1004834A1 /* SMJobsDataAPIManager.h */ = {isa = PBXFileReference; lastKnownFileType = sourcecode.c.h; path = SMJobsDataAPIManager.h; sourceTree = "<group>"; };
		E4E0593F22DEC7B1004834A1 /* SMJobsDataAPIManager.m */ = {isa = PBXFileReference; lastKnownFileType = sourcecode.c.objc; path = SMJobsDataAPIManager.m; sourceTree = "<group>"; };
		E4E0594C22DFA2B3004834A1 /* ManagerProtocol.h */ = {isa = PBXFileReference; lastKnownFileType = sourcecode.c.h; path = ManagerProtocol.h; sourceTree = "<group>"; };
		E4E0594D22DFA2B3004834A1 /* ManagerProtocol.m */ = {isa = PBXFileReference; lastKnownFileType = sourcecode.c.objc; path = ManagerProtocol.m; sourceTree = "<group>"; };
		F3180292FF84C43E522DBCA4 /* Pods_seamTests.framework */ = {isa = PBXFileReference; explicitFileType = wrapper.framework; includeInIndex = 0; path = Pods_seamTests.framework; sourceTree = BUILT_PRODUCTS_DIR; };
/* End PBXFileReference section */

/* Begin PBXFrameworksBuildPhase section */
		9794867022D5070700E90DBD /* Frameworks */ = {
			isa = PBXFrameworksBuildPhase;
			buildActionMask = 2147483647;
			files = (
				1F6EBD0D6E9A9916D53399AB /* Pods_seam.framework in Frameworks */,
			);
			runOnlyForDeploymentPostprocessing = 0;
		};
		9794868822D5070800E90DBD /* Frameworks */ = {
			isa = PBXFrameworksBuildPhase;
			buildActionMask = 2147483647;
			files = (
				3C083B67A26ADBAA9CFA5A99 /* Pods_seamTests.framework in Frameworks */,
			);
			runOnlyForDeploymentPostprocessing = 0;
		};
		9794869322D5070800E90DBD /* Frameworks */ = {
			isa = PBXFrameworksBuildPhase;
			buildActionMask = 2147483647;
			files = (
				53788022358DD74F500DD3A5 /* Pods_seamUITests.framework in Frameworks */,
			);
			runOnlyForDeploymentPostprocessing = 0;
		};
/* End PBXFrameworksBuildPhase section */

/* Begin PBXGroup section */
		2389F87C1A2DDE0D53E0FC70 /* Frameworks */ = {
			isa = PBXGroup;
			children = (
				713710A9F6691A1B402F9C4C /* Pods_seam.framework */,
				F3180292FF84C43E522DBCA4 /* Pods_seamTests.framework */,
				7A25C5CD81476C78D4C0BA8E /* Pods_seamUITests.framework */,
			);
			name = Frameworks;
			sourceTree = "<group>";
		};
		41D5026568ADF447DB0BB902 /* Pods */ = {
			isa = PBXGroup;
			children = (
				0989C353BC2E9924A4B1B063 /* Pods-seam.debug.xcconfig */,
				C95F73BD51DED80BF23C5E72 /* Pods-seam.release.xcconfig */,
				2A7D78D84A3A69E46F3E2E61 /* Pods-seamTests.debug.xcconfig */,
				E49C873531C3569F6AA8CED9 /* Pods-seamTests.release.xcconfig */,
				01E1124D9ECD2A07D8849A74 /* Pods-seamUITests.debug.xcconfig */,
				C7A456CA1091FCD42768AE8D /* Pods-seamUITests.release.xcconfig */,
			);
			path = Pods;
			sourceTree = "<group>";
		};
		9743F7CC22DD2D71002FFB7E /* Models */ = {
			isa = PBXGroup;
			children = (
				9743F7CD22DD3590002FFB7E /* SMJobListing.h */,
				9743F7CE22DD3590002FFB7E /* SMJobListing.m */,
			);
			path = Models;
			sourceTree = "<group>";
		};
		9794866A22D5070700E90DBD = {
			isa = PBXGroup;
			children = (
				9794867522D5070700E90DBD /* seam */,
				9794868E22D5070800E90DBD /* seamTests */,
				9794869922D5070800E90DBD /* seamUITests */,
				9794867422D5070700E90DBD /* Products */,
				41D5026568ADF447DB0BB902 /* Pods */,
				2389F87C1A2DDE0D53E0FC70 /* Frameworks */,
			);
			sourceTree = "<group>";
		};
		9794867422D5070700E90DBD /* Products */ = {
			isa = PBXGroup;
			children = (
				9794867322D5070700E90DBD /* seam.app */,
				9794868B22D5070800E90DBD /* seamTests.xctest */,
				9794869622D5070800E90DBD /* seamUITests.xctest */,
			);
			name = Products;
			sourceTree = "<group>";
		};
		9794867522D5070700E90DBD /* seam */ = {
			isa = PBXGroup;
			children = (
				E4E0594C22DFA2B3004834A1 /* ManagerProtocol.h */,
				E4E0594D22DFA2B3004834A1 /* ManagerProtocol.m */,
				9743F7CC22DD2D71002FFB7E /* Models */,
				9794867622D5070700E90DBD /* AppDelegate.h */,
				9794867722D5070700E90DBD /* AppDelegate.m */,
				9794867922D5070700E90DBD /* ViewController.h */,
				9794867A22D5070700E90DBD /* ViewController.m */,
				9794867C22D5070700E90DBD /* Main.storyboard */,
				9794867F22D5070800E90DBD /* Assets.xcassets */,
				9794868122D5070800E90DBD /* LaunchScreen.storyboard */,
				9794868422D5070800E90DBD /* Info.plist */,
				9794868522D5070800E90DBD /* main.m */,
				E4E0593E22DEC7B1004834A1 /* SMJobsDataAPIManager.h */,
				E4E0593F22DEC7B1004834A1 /* SMJobsDataAPIManager.m */,
			);
			path = seam;
			sourceTree = "<group>";
		};
		9794868E22D5070800E90DBD /* seamTests */ = {
			isa = PBXGroup;
			children = (
				9794868F22D5070800E90DBD /* seamTests.m */,
				9794869122D5070800E90DBD /* Info.plist */,
			);
			path = seamTests;
			sourceTree = "<group>";
		};
		9794869922D5070800E90DBD /* seamUITests */ = {
			isa = PBXGroup;
			children = (
				9794869A22D5070800E90DBD /* seamUITests.m */,
				9794869C22D5070800E90DBD /* Info.plist */,
			);
			path = seamUITests;
			sourceTree = "<group>";
		};
/* End PBXGroup section */

/* Begin PBXNativeTarget section */
		9794867222D5070700E90DBD /* seam */ = {
			isa = PBXNativeTarget;
			buildConfigurationList = 9794869F22D5070800E90DBD /* Build configuration list for PBXNativeTarget "seam" */;
			buildPhases = (
				6C20B064ADC15F0EF2903472 /* [CP] Check Pods Manifest.lock */,
				9794866F22D5070700E90DBD /* Sources */,
				9794867022D5070700E90DBD /* Frameworks */,
				9794867122D5070700E90DBD /* Resources */,
				51B97C733241D21D048EF477 /* [CP] Embed Pods Frameworks */,
			);
			buildRules = (
			);
			dependencies = (
			);
			name = seam;
			productName = seam;
			productReference = 9794867322D5070700E90DBD /* seam.app */;
			productType = "com.apple.product-type.application";
		};
		9794868A22D5070800E90DBD /* seamTests */ = {
			isa = PBXNativeTarget;
			buildConfigurationList = 979486A222D5070800E90DBD /* Build configuration list for PBXNativeTarget "seamTests" */;
			buildPhases = (
				F77FFE98679E7356AE08317A /* [CP] Check Pods Manifest.lock */,
				9794868722D5070800E90DBD /* Sources */,
				9794868822D5070800E90DBD /* Frameworks */,
				9794868922D5070800E90DBD /* Resources */,
			);
			buildRules = (
			);
			dependencies = (
				9794868D22D5070800E90DBD /* PBXTargetDependency */,
			);
			name = seamTests;
			productName = seamTests;
			productReference = 9794868B22D5070800E90DBD /* seamTests.xctest */;
			productType = "com.apple.product-type.bundle.unit-test";
		};
		9794869522D5070800E90DBD /* seamUITests */ = {
			isa = PBXNativeTarget;
			buildConfigurationList = 979486A522D5070800E90DBD /* Build configuration list for PBXNativeTarget "seamUITests" */;
			buildPhases = (
				6BA57EAF6A179AC65888AA09 /* [CP] Check Pods Manifest.lock */,
				9794869222D5070800E90DBD /* Sources */,
				9794869322D5070800E90DBD /* Frameworks */,
				9794869422D5070800E90DBD /* Resources */,
			);
			buildRules = (
			);
			dependencies = (
				9794869822D5070800E90DBD /* PBXTargetDependency */,
			);
			name = seamUITests;
			productName = seamUITests;
			productReference = 9794869622D5070800E90DBD /* seamUITests.xctest */;
			productType = "com.apple.product-type.bundle.ui-testing";
		};
/* End PBXNativeTarget section */

/* Begin PBXProject section */
		9794866B22D5070700E90DBD /* Project object */ = {
			isa = PBXProject;
			attributes = {
				LastUpgradeCheck = 1020;
				ORGANIZATIONNAME = codepath;
				TargetAttributes = {
					9794867222D5070700E90DBD = {
						CreatedOnToolsVersion = 10.2.1;
					};
					9794868A22D5070800E90DBD = {
						CreatedOnToolsVersion = 10.2.1;
						TestTargetID = 9794867222D5070700E90DBD;
					};
					9794869522D5070800E90DBD = {
						CreatedOnToolsVersion = 10.2.1;
						TestTargetID = 9794867222D5070700E90DBD;
					};
				};
			};
			buildConfigurationList = 9794866E22D5070700E90DBD /* Build configuration list for PBXProject "seam" */;
			compatibilityVersion = "Xcode 9.3";
			developmentRegion = en;
			hasScannedForEncodings = 0;
			knownRegions = (
				en,
				Base,
			);
			mainGroup = 9794866A22D5070700E90DBD;
			productRefGroup = 9794867422D5070700E90DBD /* Products */;
			projectDirPath = "";
			projectRoot = "";
			targets = (
				9794867222D5070700E90DBD /* seam */,
				9794868A22D5070800E90DBD /* seamTests */,
				9794869522D5070800E90DBD /* seamUITests */,
			);
		};
/* End PBXProject section */

/* Begin PBXResourcesBuildPhase section */
		9794867122D5070700E90DBD /* Resources */ = {
			isa = PBXResourcesBuildPhase;
			buildActionMask = 2147483647;
			files = (
				9794868322D5070800E90DBD /* LaunchScreen.storyboard in Resources */,
				9794868022D5070800E90DBD /* Assets.xcassets in Resources */,
				9794867E22D5070700E90DBD /* Main.storyboard in Resources */,
			);
			runOnlyForDeploymentPostprocessing = 0;
		};
		9794868922D5070800E90DBD /* Resources */ = {
			isa = PBXResourcesBuildPhase;
			buildActionMask = 2147483647;
			files = (
			);
			runOnlyForDeploymentPostprocessing = 0;
		};
		9794869422D5070800E90DBD /* Resources */ = {
			isa = PBXResourcesBuildPhase;
			buildActionMask = 2147483647;
			files = (
			);
			runOnlyForDeploymentPostprocessing = 0;
		};
/* End PBXResourcesBuildPhase section */

/* Begin PBXShellScriptBuildPhase section */
		51B97C733241D21D048EF477 /* [CP] Embed Pods Frameworks */ = {
			isa = PBXShellScriptBuildPhase;
			buildActionMask = 2147483647;
			files = (
			);
			inputFileListPaths = (
				"${PODS_ROOT}/Target Support Files/Pods-seam/Pods-seam-frameworks-${CONFIGURATION}-input-files.xcfilelist",
			);
			name = "[CP] Embed Pods Frameworks";
			outputFileListPaths = (
				"${PODS_ROOT}/Target Support Files/Pods-seam/Pods-seam-frameworks-${CONFIGURATION}-output-files.xcfilelist",
			);
			runOnlyForDeploymentPostprocessing = 0;
			shellPath = /bin/sh;
			shellScript = "\"${PODS_ROOT}/Target Support Files/Pods-seam/Pods-seam-frameworks.sh\"\n";
			showEnvVarsInLog = 0;
		};
		6BA57EAF6A179AC65888AA09 /* [CP] Check Pods Manifest.lock */ = {
			isa = PBXShellScriptBuildPhase;
			buildActionMask = 2147483647;
			files = (
			);
			inputFileListPaths = (
			);
			inputPaths = (
				"${PODS_PODFILE_DIR_PATH}/Podfile.lock",
				"${PODS_ROOT}/Manifest.lock",
			);
			name = "[CP] Check Pods Manifest.lock";
			outputFileListPaths = (
			);
			outputPaths = (
				"$(DERIVED_FILE_DIR)/Pods-seamUITests-checkManifestLockResult.txt",
			);
			runOnlyForDeploymentPostprocessing = 0;
			shellPath = /bin/sh;
			shellScript = "diff \"${PODS_PODFILE_DIR_PATH}/Podfile.lock\" \"${PODS_ROOT}/Manifest.lock\" > /dev/null\nif [ $? != 0 ] ; then\n    # print error to STDERR\n    echo \"error: The sandbox is not in sync with the Podfile.lock. Run 'pod install' or update your CocoaPods installation.\" >&2\n    exit 1\nfi\n# This output is used by Xcode 'outputs' to avoid re-running this script phase.\necho \"SUCCESS\" > \"${SCRIPT_OUTPUT_FILE_0}\"\n";
			showEnvVarsInLog = 0;
		};
		6C20B064ADC15F0EF2903472 /* [CP] Check Pods Manifest.lock */ = {
			isa = PBXShellScriptBuildPhase;
			buildActionMask = 2147483647;
			files = (
			);
			inputFileListPaths = (
			);
			inputPaths = (
				"${PODS_PODFILE_DIR_PATH}/Podfile.lock",
				"${PODS_ROOT}/Manifest.lock",
			);
			name = "[CP] Check Pods Manifest.lock";
			outputFileListPaths = (
			);
			outputPaths = (
				"$(DERIVED_FILE_DIR)/Pods-seam-checkManifestLockResult.txt",
			);
			runOnlyForDeploymentPostprocessing = 0;
			shellPath = /bin/sh;
			shellScript = "diff \"${PODS_PODFILE_DIR_PATH}/Podfile.lock\" \"${PODS_ROOT}/Manifest.lock\" > /dev/null\nif [ $? != 0 ] ; then\n    # print error to STDERR\n    echo \"error: The sandbox is not in sync with the Podfile.lock. Run 'pod install' or update your CocoaPods installation.\" >&2\n    exit 1\nfi\n# This output is used by Xcode 'outputs' to avoid re-running this script phase.\necho \"SUCCESS\" > \"${SCRIPT_OUTPUT_FILE_0}\"\n";
			showEnvVarsInLog = 0;
		};
		F77FFE98679E7356AE08317A /* [CP] Check Pods Manifest.lock */ = {
			isa = PBXShellScriptBuildPhase;
			buildActionMask = 2147483647;
			files = (
			);
			inputFileListPaths = (
			);
			inputPaths = (
				"${PODS_PODFILE_DIR_PATH}/Podfile.lock",
				"${PODS_ROOT}/Manifest.lock",
			);
			name = "[CP] Check Pods Manifest.lock";
			outputFileListPaths = (
			);
			outputPaths = (
				"$(DERIVED_FILE_DIR)/Pods-seamTests-checkManifestLockResult.txt",
			);
			runOnlyForDeploymentPostprocessing = 0;
			shellPath = /bin/sh;
			shellScript = "diff \"${PODS_PODFILE_DIR_PATH}/Podfile.lock\" \"${PODS_ROOT}/Manifest.lock\" > /dev/null\nif [ $? != 0 ] ; then\n    # print error to STDERR\n    echo \"error: The sandbox is not in sync with the Podfile.lock. Run 'pod install' or update your CocoaPods installation.\" >&2\n    exit 1\nfi\n# This output is used by Xcode 'outputs' to avoid re-running this script phase.\necho \"SUCCESS\" > \"${SCRIPT_OUTPUT_FILE_0}\"\n";
			showEnvVarsInLog = 0;
		};
/* End PBXShellScriptBuildPhase section */

/* Begin PBXSourcesBuildPhase section */
		9794866F22D5070700E90DBD /* Sources */ = {
			isa = PBXSourcesBuildPhase;
			buildActionMask = 2147483647;
			files = (
				9743F7CF22DD3590002FFB7E /* SMJobListing.m in Sources */,
				9794867B22D5070700E90DBD /* ViewController.m in Sources */,
				9794868622D5070800E90DBD /* main.m in Sources */,
				E4E0594E22DFA2B3004834A1 /* ManagerProtocol.m in Sources */,
				9794867822D5070700E90DBD /* AppDelegate.m in Sources */,
				E4E0594022DEC7B1004834A1 /* SMJobsDataAPIManager.m in Sources */,
			);
			runOnlyForDeploymentPostprocessing = 0;
		};
		9794868722D5070800E90DBD /* Sources */ = {
			isa = PBXSourcesBuildPhase;
			buildActionMask = 2147483647;
			files = (
				9794869022D5070800E90DBD /* seamTests.m in Sources */,
			);
			runOnlyForDeploymentPostprocessing = 0;
		};
		9794869222D5070800E90DBD /* Sources */ = {
			isa = PBXSourcesBuildPhase;
			buildActionMask = 2147483647;
			files = (
				9794869B22D5070800E90DBD /* seamUITests.m in Sources */,
			);
			runOnlyForDeploymentPostprocessing = 0;
		};
/* End PBXSourcesBuildPhase section */

/* Begin PBXTargetDependency section */
		9794868D22D5070800E90DBD /* PBXTargetDependency */ = {
			isa = PBXTargetDependency;
			target = 9794867222D5070700E90DBD /* seam */;
			targetProxy = 9794868C22D5070800E90DBD /* PBXContainerItemProxy */;
		};
		9794869822D5070800E90DBD /* PBXTargetDependency */ = {
			isa = PBXTargetDependency;
			target = 9794867222D5070700E90DBD /* seam */;
			targetProxy = 9794869722D5070800E90DBD /* PBXContainerItemProxy */;
		};
/* End PBXTargetDependency section */

/* Begin PBXVariantGroup section */
		9794867C22D5070700E90DBD /* Main.storyboard */ = {
			isa = PBXVariantGroup;
			children = (
				9794867D22D5070700E90DBD /* Base */,
			);
			name = Main.storyboard;
			sourceTree = "<group>";
		};
		9794868122D5070800E90DBD /* LaunchScreen.storyboard */ = {
			isa = PBXVariantGroup;
			children = (
				9794868222D5070800E90DBD /* Base */,
			);
			name = LaunchScreen.storyboard;
			sourceTree = "<group>";
		};
/* End PBXVariantGroup section */

/* Begin XCBuildConfiguration section */
		9794869D22D5070800E90DBD /* Debug */ = {
			isa = XCBuildConfiguration;
			buildSettings = {
				ALWAYS_SEARCH_USER_PATHS = NO;
				CLANG_ANALYZER_NONNULL = YES;
				CLANG_ANALYZER_NUMBER_OBJECT_CONVERSION = YES_AGGRESSIVE;
				CLANG_CXX_LANGUAGE_STANDARD = "gnu++14";
				CLANG_CXX_LIBRARY = "libc++";
				CLANG_ENABLE_MODULES = YES;
				CLANG_ENABLE_OBJC_ARC = YES;
				CLANG_ENABLE_OBJC_WEAK = YES;
				CLANG_WARN_BLOCK_CAPTURE_AUTORELEASING = YES;
				CLANG_WARN_BOOL_CONVERSION = YES;
				CLANG_WARN_COMMA = YES;
				CLANG_WARN_CONSTANT_CONVERSION = YES;
				CLANG_WARN_DEPRECATED_OBJC_IMPLEMENTATIONS = YES;
				CLANG_WARN_DIRECT_OBJC_ISA_USAGE = YES_ERROR;
				CLANG_WARN_DOCUMENTATION_COMMENTS = YES;
				CLANG_WARN_EMPTY_BODY = YES;
				CLANG_WARN_ENUM_CONVERSION = YES;
				CLANG_WARN_INFINITE_RECURSION = YES;
				CLANG_WARN_INT_CONVERSION = YES;
				CLANG_WARN_NON_LITERAL_NULL_CONVERSION = YES;
				CLANG_WARN_OBJC_IMPLICIT_RETAIN_SELF = YES;
				CLANG_WARN_OBJC_LITERAL_CONVERSION = YES;
				CLANG_WARN_OBJC_ROOT_CLASS = YES_ERROR;
				CLANG_WARN_RANGE_LOOP_ANALYSIS = YES;
				CLANG_WARN_STRICT_PROTOTYPES = YES;
				CLANG_WARN_SUSPICIOUS_MOVE = YES;
				CLANG_WARN_UNGUARDED_AVAILABILITY = YES_AGGRESSIVE;
				CLANG_WARN_UNREACHABLE_CODE = YES;
				CLANG_WARN__DUPLICATE_METHOD_MATCH = YES;
				CODE_SIGN_IDENTITY = "iPhone Developer";
				COPY_PHASE_STRIP = NO;
				DEBUG_INFORMATION_FORMAT = dwarf;
				ENABLE_STRICT_OBJC_MSGSEND = YES;
				ENABLE_TESTABILITY = YES;
				GCC_C_LANGUAGE_STANDARD = gnu11;
				GCC_DYNAMIC_NO_PIC = NO;
				GCC_NO_COMMON_BLOCKS = YES;
				GCC_OPTIMIZATION_LEVEL = 0;
				GCC_PREPROCESSOR_DEFINITIONS = (
					"DEBUG=1",
					"$(inherited)",
				);
				GCC_WARN_64_TO_32_BIT_CONVERSION = YES;
				GCC_WARN_ABOUT_RETURN_TYPE = YES_ERROR;
				GCC_WARN_UNDECLARED_SELECTOR = YES;
				GCC_WARN_UNINITIALIZED_AUTOS = YES_AGGRESSIVE;
				GCC_WARN_UNUSED_FUNCTION = YES;
				GCC_WARN_UNUSED_VARIABLE = YES;
				IPHONEOS_DEPLOYMENT_TARGET = 12.2;
				MTL_ENABLE_DEBUG_INFO = INCLUDE_SOURCE;
				MTL_FAST_MATH = YES;
				ONLY_ACTIVE_ARCH = YES;
				SDKROOT = iphoneos;
			};
			name = Debug;
		};
		9794869E22D5070800E90DBD /* Release */ = {
			isa = XCBuildConfiguration;
			buildSettings = {
				ALWAYS_SEARCH_USER_PATHS = NO;
				CLANG_ANALYZER_NONNULL = YES;
				CLANG_ANALYZER_NUMBER_OBJECT_CONVERSION = YES_AGGRESSIVE;
				CLANG_CXX_LANGUAGE_STANDARD = "gnu++14";
				CLANG_CXX_LIBRARY = "libc++";
				CLANG_ENABLE_MODULES = YES;
				CLANG_ENABLE_OBJC_ARC = YES;
				CLANG_ENABLE_OBJC_WEAK = YES;
				CLANG_WARN_BLOCK_CAPTURE_AUTORELEASING = YES;
				CLANG_WARN_BOOL_CONVERSION = YES;
				CLANG_WARN_COMMA = YES;
				CLANG_WARN_CONSTANT_CONVERSION = YES;
				CLANG_WARN_DEPRECATED_OBJC_IMPLEMENTATIONS = YES;
				CLANG_WARN_DIRECT_OBJC_ISA_USAGE = YES_ERROR;
				CLANG_WARN_DOCUMENTATION_COMMENTS = YES;
				CLANG_WARN_EMPTY_BODY = YES;
				CLANG_WARN_ENUM_CONVERSION = YES;
				CLANG_WARN_INFINITE_RECURSION = YES;
				CLANG_WARN_INT_CONVERSION = YES;
				CLANG_WARN_NON_LITERAL_NULL_CONVERSION = YES;
				CLANG_WARN_OBJC_IMPLICIT_RETAIN_SELF = YES;
				CLANG_WARN_OBJC_LITERAL_CONVERSION = YES;
				CLANG_WARN_OBJC_ROOT_CLASS = YES_ERROR;
				CLANG_WARN_RANGE_LOOP_ANALYSIS = YES;
				CLANG_WARN_STRICT_PROTOTYPES = YES;
				CLANG_WARN_SUSPICIOUS_MOVE = YES;
				CLANG_WARN_UNGUARDED_AVAILABILITY = YES_AGGRESSIVE;
				CLANG_WARN_UNREACHABLE_CODE = YES;
				CLANG_WARN__DUPLICATE_METHOD_MATCH = YES;
				CODE_SIGN_IDENTITY = "iPhone Developer";
				COPY_PHASE_STRIP = NO;
				DEBUG_INFORMATION_FORMAT = "dwarf-with-dsym";
				ENABLE_NS_ASSERTIONS = NO;
				ENABLE_STRICT_OBJC_MSGSEND = YES;
				GCC_C_LANGUAGE_STANDARD = gnu11;
				GCC_NO_COMMON_BLOCKS = YES;
				GCC_WARN_64_TO_32_BIT_CONVERSION = YES;
				GCC_WARN_ABOUT_RETURN_TYPE = YES_ERROR;
				GCC_WARN_UNDECLARED_SELECTOR = YES;
				GCC_WARN_UNINITIALIZED_AUTOS = YES_AGGRESSIVE;
				GCC_WARN_UNUSED_FUNCTION = YES;
				GCC_WARN_UNUSED_VARIABLE = YES;
				IPHONEOS_DEPLOYMENT_TARGET = 12.2;
				MTL_ENABLE_DEBUG_INFO = NO;
				MTL_FAST_MATH = YES;
				SDKROOT = iphoneos;
				VALIDATE_PRODUCT = YES;
			};
			name = Release;
		};
		979486A022D5070800E90DBD /* Debug */ = {
			isa = XCBuildConfiguration;
			baseConfigurationReference = 0989C353BC2E9924A4B1B063 /* Pods-seam.debug.xcconfig */;
			buildSettings = {
				ASSETCATALOG_COMPILER_APPICON_NAME = AppIcon;
				CODE_SIGN_STYLE = Automatic;
				DEVELOPMENT_TEAM = 8674VL4L69;
				INFOPLIST_FILE = seam/Info.plist;
				LD_RUNPATH_SEARCH_PATHS = (
					"$(inherited)",
					"@executable_path/Frameworks",
				);
				PRODUCT_BUNDLE_IDENTIFIER = "com.lauren.ijklm-gmail.com.seam";
				PRODUCT_NAME = "$(TARGET_NAME)";
				TARGETED_DEVICE_FAMILY = "1,2";
			};
			name = Debug;
		};
		979486A122D5070800E90DBD /* Release */ = {
			isa = XCBuildConfiguration;
			baseConfigurationReference = C95F73BD51DED80BF23C5E72 /* Pods-seam.release.xcconfig */;
			buildSettings = {
				ASSETCATALOG_COMPILER_APPICON_NAME = AppIcon;
				CODE_SIGN_STYLE = Automatic;
				DEVELOPMENT_TEAM = 8674VL4L69;
				INFOPLIST_FILE = seam/Info.plist;
				LD_RUNPATH_SEARCH_PATHS = (
					"$(inherited)",
					"@executable_path/Frameworks",
				);
				PRODUCT_BUNDLE_IDENTIFIER = "com.lauren.ijklm-gmail.com.seam";
				PRODUCT_NAME = "$(TARGET_NAME)";
				TARGETED_DEVICE_FAMILY = "1,2";
			};
			name = Release;
		};
		979486A322D5070800E90DBD /* Debug */ = {
			isa = XCBuildConfiguration;
			baseConfigurationReference = 2A7D78D84A3A69E46F3E2E61 /* Pods-seamTests.debug.xcconfig */;
			buildSettings = {
				BUNDLE_LOADER = "$(TEST_HOST)";
				CODE_SIGN_STYLE = Automatic;
				DEVELOPMENT_TEAM = 8674VL4L69;
				INFOPLIST_FILE = seamTests/Info.plist;
				LD_RUNPATH_SEARCH_PATHS = (
					"$(inherited)",
					"@executable_path/Frameworks",
					"@loader_path/Frameworks",
				);
				PRODUCT_BUNDLE_IDENTIFIER = "com.lauren.ijklm-gmail.com.seamTests";
				PRODUCT_NAME = "$(TARGET_NAME)";
				TARGETED_DEVICE_FAMILY = "1,2";
				TEST_HOST = "$(BUILT_PRODUCTS_DIR)/seam.app/seam";
			};
			name = Debug;
		};
		979486A422D5070800E90DBD /* Release */ = {
			isa = XCBuildConfiguration;
			baseConfigurationReference = E49C873531C3569F6AA8CED9 /* Pods-seamTests.release.xcconfig */;
			buildSettings = {
				BUNDLE_LOADER = "$(TEST_HOST)";
				CODE_SIGN_STYLE = Automatic;
				DEVELOPMENT_TEAM = 8674VL4L69;
				INFOPLIST_FILE = seamTests/Info.plist;
				LD_RUNPATH_SEARCH_PATHS = (
					"$(inherited)",
					"@executable_path/Frameworks",
					"@loader_path/Frameworks",
				);
				PRODUCT_BUNDLE_IDENTIFIER = "com.lauren.ijklm-gmail.com.seamTests";
				PRODUCT_NAME = "$(TARGET_NAME)";
				TARGETED_DEVICE_FAMILY = "1,2";
				TEST_HOST = "$(BUILT_PRODUCTS_DIR)/seam.app/seam";
			};
			name = Release;
		};
		979486A622D5070800E90DBD /* Debug */ = {
			isa = XCBuildConfiguration;
			baseConfigurationReference = 01E1124D9ECD2A07D8849A74 /* Pods-seamUITests.debug.xcconfig */;
			buildSettings = {
				CODE_SIGN_STYLE = Automatic;
				DEVELOPMENT_TEAM = 8674VL4L69;
				INFOPLIST_FILE = seamUITests/Info.plist;
				LD_RUNPATH_SEARCH_PATHS = (
					"$(inherited)",
					"@executable_path/Frameworks",
					"@loader_path/Frameworks",
				);
				PRODUCT_BUNDLE_IDENTIFIER = "com.lauren.ijklm-gmail.com.seamUITests";
				PRODUCT_NAME = "$(TARGET_NAME)";
				TARGETED_DEVICE_FAMILY = "1,2";
				TEST_TARGET_NAME = seam;
			};
			name = Debug;
		};
		979486A722D5070800E90DBD /* Release */ = {
			isa = XCBuildConfiguration;
			baseConfigurationReference = C7A456CA1091FCD42768AE8D /* Pods-seamUITests.release.xcconfig */;
			buildSettings = {
				CODE_SIGN_STYLE = Automatic;
				DEVELOPMENT_TEAM = 8674VL4L69;
				INFOPLIST_FILE = seamUITests/Info.plist;
				LD_RUNPATH_SEARCH_PATHS = (
					"$(inherited)",
					"@executable_path/Frameworks",
					"@loader_path/Frameworks",
				);
				PRODUCT_BUNDLE_IDENTIFIER = "com.lauren.ijklm-gmail.com.seamUITests";
				PRODUCT_NAME = "$(TARGET_NAME)";
				TARGETED_DEVICE_FAMILY = "1,2";
				TEST_TARGET_NAME = seam;
			};
			name = Release;
		};
/* End XCBuildConfiguration section */

/* Begin XCConfigurationList section */
		9794866E22D5070700E90DBD /* Build configuration list for PBXProject "seam" */ = {
			isa = XCConfigurationList;
			buildConfigurations = (
				9794869D22D5070800E90DBD /* Debug */,
				9794869E22D5070800E90DBD /* Release */,
			);
			defaultConfigurationIsVisible = 0;
			defaultConfigurationName = Release;
		};
		9794869F22D5070800E90DBD /* Build configuration list for PBXNativeTarget "seam" */ = {
			isa = XCConfigurationList;
			buildConfigurations = (
				979486A022D5070800E90DBD /* Debug */,
				979486A122D5070800E90DBD /* Release */,
			);
			defaultConfigurationIsVisible = 0;
			defaultConfigurationName = Release;
		};
		979486A222D5070800E90DBD /* Build configuration list for PBXNativeTarget "seamTests" */ = {
			isa = XCConfigurationList;
			buildConfigurations = (
				979486A322D5070800E90DBD /* Debug */,
				979486A422D5070800E90DBD /* Release */,
			);
			defaultConfigurationIsVisible = 0;
			defaultConfigurationName = Release;
		};
		979486A522D5070800E90DBD /* Build configuration list for PBXNativeTarget "seamUITests" */ = {
			isa = XCConfigurationList;
			buildConfigurations = (
				979486A622D5070800E90DBD /* Debug */,
				979486A722D5070800E90DBD /* Release */,
			);
			defaultConfigurationIsVisible = 0;
			defaultConfigurationName = Release;
		};
/* End XCConfigurationList section */
	};
	rootObject = 9794866B22D5070700E90DBD /* Project object */;
}
